{
  "requires": true,
  "lockfileVersion": 1,
  "dependencies": {
    "xstate": {
      "version": "4.7.3",
      "resolved": "https://registry.npmjs.org/xstate/-/xstate-4.7.3.tgz",
      "integrity": "sha512-+1KyOB2JTv4kQQlZnEiDxSpEaIJnqslMa/479sc1KU3NMRP0caIV3p55Sr27GFS1EXQvnJ+n84bnWx77qplDWg=="
    }
  }
}
